// !$*UTF8*$!
{
	archiveVersion = 1;
	classes = {
	};
	objectVersion = 46;
	objects = {

/* Begin PBXBuildFile section */
		761647811B1ED39A00FD096B /* LOAudioStreamer.m in Sources */ = {isa = PBXBuildFile; fileRef = 761647801B1ED39A00FD096B /* LOAudioStreamer.m */; };
		761647C41B1EE00A00FD096B /* iconfont-player-next.png in Resources */ = {isa = PBXBuildFile; fileRef = 761647C01B1EE00A00FD096B /* iconfont-player-next.png */; };
		761647C51B1EE00A00FD096B /* iconfont-player-prev.png in Resources */ = {isa = PBXBuildFile; fileRef = 761647C11B1EE00A00FD096B /* iconfont-player-prev.png */; };
		761647C61B1EE00A00FD096B /* iconfont-zanting.png in Resources */ = {isa = PBXBuildFile; fileRef = 761647C21B1EE00A00FD096B /* iconfont-zanting.png */; };
		761647C71B1EE00A00FD096B /* iconfont-player-play.png in Resources */ = {isa = PBXBuildFile; fileRef = 761647C31B1EE00A00FD096B /* iconfont-player-play.png */; };
		761647CA1B1EE32900FD096B /* thumb@2x.png in Resources */ = {isa = PBXBuildFile; fileRef = 761647C81B1EE32900FD096B /* thumb@2x.png */; };
		761647CB1B1EE32900FD096B /* thumb@3x.png in Resources */ = {isa = PBXBuildFile; fileRef = 761647C91B1EE32900FD096B /* thumb@3x.png */; };
		761647CE1B1EFF3900FD096B /* volumn_slider_thumb@2x.png in Resources */ = {isa = PBXBuildFile; fileRef = 761647CD1B1EFF3900FD096B /* volumn_slider_thumb@2x.png */; };
		761647D11B1F02F000FD096B /* iconfont-volumemin.png in Resources */ = {isa = PBXBuildFile; fileRef = 761647CF1B1F02F000FD096B /* iconfont-volumemin.png */; };
		761647D21B1F02F000FD096B /* iconfont-ios7volumehigh.png in Resources */ = {isa = PBXBuildFile; fileRef = 761647D01B1F02F000FD096B /* iconfont-ios7volumehigh.png */; };
		AB3950631B1BFFB700C8E70B /* main.m in Sources */ = {isa = PBXBuildFile; fileRef = AB3950621B1BFFB700C8E70B /* main.m */; };
		AB3950661B1BFFB700C8E70B /* AppDelegate.m in Sources */ = {isa = PBXBuildFile; fileRef = AB3950651B1BFFB700C8E70B /* AppDelegate.m */; };
		AB3950681B1BFFB700C8E70B /* Images.xcassets in Resources */ = {isa = PBXBuildFile; fileRef = AB3950671B1BFFB700C8E70B /* Images.xcassets */; };
		AB39506B1B1BFFB700C8E70B /* LaunchScreen.xib in Resources */ = {isa = PBXBuildFile; fileRef = AB3950691B1BFFB700C8E70B /* LaunchScreen.xib */; };
		AB3950771B1BFFB800C8E70B /* MusicPlayerTests.m in Sources */ = {isa = PBXBuildFile; fileRef = AB3950761B1BFFB800C8E70B /* MusicPlayerTests.m */; };
		AB3950871B1C03A200C8E70B /* MusicListViewController.m in Sources */ = {isa = PBXBuildFile; fileRef = AB3950861B1C03A200C8E70B /* MusicListViewController.m */; };
		AB39508A1B1C079D00C8E70B /* MusicInfo.m in Sources */ = {isa = PBXBuildFile; fileRef = AB3950891B1C079D00C8E70B /* MusicInfo.m */; };
		AB39508D1B1C0B3300C8E70B /* ModelManager.m in Sources */ = {isa = PBXBuildFile; fileRef = AB39508C1B1C0B3300C8E70B /* ModelManager.m */; };
		AB3950901B1C360B00C8E70B /* MusicPlayViewController.m in Sources */ = {isa = PBXBuildFile; fileRef = AB39508F1B1C360B00C8E70B /* MusicPlayViewController.m */; };
		C2F8236A1B1F0CA10083CA50 /* MKAnnotationView+WebCache.m in Sources */ = {isa = PBXBuildFile; fileRef = C2F8234A1B1F0CA10083CA50 /* MKAnnotationView+WebCache.m */; settings = {COMPILER_FLAGS = "-fobjc-arc"; }; };
		C2F8236B1B1F0CA10083CA50 /* NSData+ImageContentType.m in Sources */ = {isa = PBXBuildFile; fileRef = C2F8234C1B1F0CA10083CA50 /* NSData+ImageContentType.m */; settings = {COMPILER_FLAGS = "-fobjc-arc"; }; };
		C2F8236C1B1F0CA10083CA50 /* SDImageCache.m in Sources */ = {isa = PBXBuildFile; fileRef = C2F8234E1B1F0CA10083CA50 /* SDImageCache.m */; settings = {COMPILER_FLAGS = "-fobjc-arc"; }; };
		C2F8236D1B1F0CA10083CA50 /* SDWebImageCompat.m in Sources */ = {isa = PBXBuildFile; fileRef = C2F823501B1F0CA10083CA50 /* SDWebImageCompat.m */; settings = {COMPILER_FLAGS = "-fobjc-arc"; }; };
		C2F8236E1B1F0CA10083CA50 /* SDWebImageDecoder.m in Sources */ = {isa = PBXBuildFile; fileRef = C2F823521B1F0CA10083CA50 /* SDWebImageDecoder.m */; settings = {COMPILER_FLAGS = "-fobjc-arc"; }; };
		C2F8236F1B1F0CA10083CA50 /* SDWebImageDownloader.m in Sources */ = {isa = PBXBuildFile; fileRef = C2F823541B1F0CA10083CA50 /* SDWebImageDownloader.m */; settings = {COMPILER_FLAGS = "-fobjc-arc"; }; };
		C2F823701B1F0CA10083CA50 /* SDWebImageDownloaderOperation.m in Sources */ = {isa = PBXBuildFile; fileRef = C2F823561B1F0CA10083CA50 /* SDWebImageDownloaderOperation.m */; settings = {COMPILER_FLAGS = "-fobjc-arc"; }; };
		C2F823711B1F0CA10083CA50 /* SDWebImageManager.m in Sources */ = {isa = PBXBuildFile; fileRef = C2F823581B1F0CA10083CA50 /* SDWebImageManager.m */; settings = {COMPILER_FLAGS = "-fobjc-arc"; }; };
		C2F823721B1F0CA10083CA50 /* SDWebImagePrefetcher.m in Sources */ = {isa = PBXBuildFile; fileRef = C2F8235B1B1F0CA10083CA50 /* SDWebImagePrefetcher.m */; settings = {COMPILER_FLAGS = "-fobjc-arc"; }; };
		C2F823731B1F0CA10083CA50 /* UIButton+WebCache.m in Sources */ = {isa = PBXBuildFile; fileRef = C2F8235D1B1F0CA10083CA50 /* UIButton+WebCache.m */; settings = {COMPILER_FLAGS = "-fobjc-arc"; }; };
		C2F823741B1F0CA10083CA50 /* UIImage+GIF.m in Sources */ = {isa = PBXBuildFile; fileRef = C2F8235F1B1F0CA10083CA50 /* UIImage+GIF.m */; settings = {COMPILER_FLAGS = "-fobjc-arc"; }; };
		C2F823751B1F0CA10083CA50 /* UIImage+MultiFormat.m in Sources */ = {isa = PBXBuildFile; fileRef = C2F823611B1F0CA10083CA50 /* UIImage+MultiFormat.m */; settings = {COMPILER_FLAGS = "-fobjc-arc"; }; };
		C2F823761B1F0CA10083CA50 /* UIImage+WebP.m in Sources */ = {isa = PBXBuildFile; fileRef = C2F823631B1F0CA10083CA50 /* UIImage+WebP.m */; settings = {COMPILER_FLAGS = "-fobjc-arc"; }; };
		C2F823771B1F0CA10083CA50 /* UIImageView+HighlightedWebCache.m in Sources */ = {isa = PBXBuildFile; fileRef = C2F823651B1F0CA10083CA50 /* UIImageView+HighlightedWebCache.m */; settings = {COMPILER_FLAGS = "-fobjc-arc"; }; };
		C2F823781B1F0CA10083CA50 /* UIImageView+WebCache.m in Sources */ = {isa = PBXBuildFile; fileRef = C2F823671B1F0CA10083CA50 /* UIImageView+WebCache.m */; settings = {COMPILER_FLAGS = "-fobjc-arc"; }; };
		C2F823791B1F0CA10083CA50 /* UIView+WebCacheOperation.m in Sources */ = {isa = PBXBuildFile; fileRef = C2F823691B1F0CA10083CA50 /* UIView+WebCacheOperation.m */; settings = {COMPILER_FLAGS = "-fobjc-arc"; }; };
		C2F8237C1B1F39200083CA50 /* LyricsListTableViewController.m in Sources */ = {isa = PBXBuildFile; fileRef = C2F8237B1B1F39200083CA50 /* LyricsListTableViewController.m */; };
		C2F8237F1B1F39840083CA50 /* LyricsListManger.m in Sources */ = {isa = PBXBuildFile; fileRef = C2F8237E1B1F39840083CA50 /* LyricsListManger.m */; };
		C2F823821B1FEB360083CA50 /* LyricsItem.m in Sources */ = {isa = PBXBuildFile; fileRef = C2F823811B1FEB360083CA50 /* LyricsItem.m */; };
/* End PBXBuildFile section */

/* Begin PBXContainerItemProxy section */
		AB3950711B1BFFB800C8E70B /* PBXContainerItemProxy */ = {
			isa = PBXContainerItemProxy;
			containerPortal = AB3950551B1BFFB700C8E70B /* Project object */;
			proxyType = 1;
			remoteGlobalIDString = AB39505C1B1BFFB700C8E70B;
			remoteInfo = MusicPlayer;
		};
/* End PBXContainerItemProxy section */

/* Begin PBXFileReference section */
		7616477F1B1ED39A00FD096B /* LOAudioStreamer.h */ = {isa = PBXFileReference; fileEncoding = 4; lastKnownFileType = sourcecode.c.h; path = LOAudioStreamer.h; sourceTree = "<group>"; };
		761647801B1ED39A00FD096B /* LOAudioStreamer.m */ = {isa = PBXFileReference; fileEncoding = 4; lastKnownFileType = sourcecode.c.objc; path = LOAudioStreamer.m; sourceTree = "<group>"; };
		761647C01B1EE00A00FD096B /* iconfont-player-next.png */ = {isa = PBXFileReference; lastKnownFileType = image.png; path = "iconfont-player-next.png"; sourceTree = "<group>"; };
		761647C11B1EE00A00FD096B /* iconfont-player-prev.png */ = {isa = PBXFileReference; lastKnownFileType = image.png; path = "iconfont-player-prev.png"; sourceTree = "<group>"; };
		761647C21B1EE00A00FD096B /* iconfont-zanting.png */ = {isa = PBXFileReference; lastKnownFileType = image.png; path = "iconfont-zanting.png"; sourceTree = "<group>"; };
		761647C31B1EE00A00FD096B /* iconfont-player-play.png */ = {isa = PBXFileReference; lastKnownFileType = image.png; path = "iconfont-player-play.png"; sourceTree = "<group>"; };
		761647C81B1EE32900FD096B /* thumb@2x.png */ = {isa = PBXFileReference; lastKnownFileType = image.png; path = "thumb@2x.png"; sourceTree = "<group>"; };
		761647C91B1EE32900FD096B /* thumb@3x.png */ = {isa = PBXFileReference; lastKnownFileType = image.png; path = "thumb@3x.png"; sourceTree = "<group>"; };
		761647CD1B1EFF3900FD096B /* volumn_slider_thumb@2x.png */ = {isa = PBXFileReference; lastKnownFileType = image.png; path = "volumn_slider_thumb@2x.png"; sourceTree = "<group>"; };
		761647CF1B1F02F000FD096B /* iconfont-volumemin.png */ = {isa = PBXFileReference; lastKnownFileType = image.png; path = "iconfont-volumemin.png"; sourceTree = "<group>"; };
		761647D01B1F02F000FD096B /* iconfont-ios7volumehigh.png */ = {isa = PBXFileReference; lastKnownFileType = image.png; path = "iconfont-ios7volumehigh.png"; sourceTree = "<group>"; };
		AB39505D1B1BFFB700C8E70B /* MusicPlayer.app */ = {isa = PBXFileReference; explicitFileType = wrapper.application; includeInIndex = 0; path = MusicPlayer.app; sourceTree = BUILT_PRODUCTS_DIR; };
		AB3950611B1BFFB700C8E70B /* Info.plist */ = {isa = PBXFileReference; lastKnownFileType = text.plist.xml; path = Info.plist; sourceTree = "<group>"; };
		AB3950621B1BFFB700C8E70B /* main.m */ = {isa = PBXFileReference; lastKnownFileType = sourcecode.c.objc; path = main.m; sourceTree = "<group>"; };
		AB3950641B1BFFB700C8E70B /* AppDelegate.h */ = {isa = PBXFileReference; lastKnownFileType = sourcecode.c.h; path = AppDelegate.h; sourceTree = "<group>"; };
		AB3950651B1BFFB700C8E70B /* AppDelegate.m */ = {isa = PBXFileReference; lastKnownFileType = sourcecode.c.objc; path = AppDelegate.m; sourceTree = "<group>"; };
		AB3950671B1BFFB700C8E70B /* Images.xcassets */ = {isa = PBXFileReference; lastKnownFileType = folder.assetcatalog; path = Images.xcassets; sourceTree = "<group>"; };
		AB39506A1B1BFFB700C8E70B /* Base */ = {isa = PBXFileReference; lastKnownFileType = file.xib; name = Base; path = Base.lproj/LaunchScreen.xib; sourceTree = "<group>"; };
		AB3950701B1BFFB800C8E70B /* MusicPlayerTests.xctest */ = {isa = PBXFileReference; explicitFileType = wrapper.cfbundle; includeInIndex = 0; path = MusicPlayerTests.xctest; sourceTree = BUILT_PRODUCTS_DIR; };
		AB3950751B1BFFB800C8E70B /* Info.plist */ = {isa = PBXFileReference; lastKnownFileType = text.plist.xml; path = Info.plist; sourceTree = "<group>"; };
		AB3950761B1BFFB800C8E70B /* MusicPlayerTests.m */ = {isa = PBXFileReference; lastKnownFileType = sourcecode.c.objc; path = MusicPlayerTests.m; sourceTree = "<group>"; };
		AB3950851B1C03A200C8E70B /* MusicListViewController.h */ = {isa = PBXFileReference; fileEncoding = 4; lastKnownFileType = sourcecode.c.h; path = MusicListViewController.h; sourceTree = "<group>"; };
		AB3950861B1C03A200C8E70B /* MusicListViewController.m */ = {isa = PBXFileReference; fileEncoding = 4; lastKnownFileType = sourcecode.c.objc; path = MusicListViewController.m; sourceTree = "<group>"; };
		AB3950881B1C079D00C8E70B /* MusicInfo.h */ = {isa = PBXFileReference; fileEncoding = 4; lastKnownFileType = sourcecode.c.h; path = MusicInfo.h; sourceTree = "<group>"; };
		AB3950891B1C079D00C8E70B /* MusicInfo.m */ = {isa = PBXFileReference; fileEncoding = 4; lastKnownFileType = sourcecode.c.objc; path = MusicInfo.m; sourceTree = "<group>"; };
		AB39508B1B1C0B3300C8E70B /* ModelManager.h */ = {isa = PBXFileReference; fileEncoding = 4; lastKnownFileType = sourcecode.c.h; path = ModelManager.h; sourceTree = "<group>"; };
		AB39508C1B1C0B3300C8E70B /* ModelManager.m */ = {isa = PBXFileReference; fileEncoding = 4; lastKnownFileType = sourcecode.c.objc; path = ModelManager.m; sourceTree = "<group>"; };
		AB39508E1B1C360B00C8E70B /* MusicPlayViewController.h */ = {isa = PBXFileReference; fileEncoding = 4; lastKnownFileType = sourcecode.c.h; path = MusicPlayViewController.h; sourceTree = "<group>"; };
		AB39508F1B1C360B00C8E70B /* MusicPlayViewController.m */ = {isa = PBXFileReference; fileEncoding = 4; lastKnownFileType = sourcecode.c.objc; path = MusicPlayViewController.m; sourceTree = "<group>"; };
		C2F823491B1F0CA10083CA50 /* MKAnnotationView+WebCache.h */ = {isa = PBXFileReference; fileEncoding = 4; lastKnownFileType = sourcecode.c.h; path = "MKAnnotationView+WebCache.h"; sourceTree = "<group>"; };
		C2F8234A1B1F0CA10083CA50 /* MKAnnotationView+WebCache.m */ = {isa = PBXFileReference; fileEncoding = 4; lastKnownFileType = sourcecode.c.objc; path = "MKAnnotationView+WebCache.m"; sourceTree = "<group>"; };
		C2F8234B1B1F0CA10083CA50 /* NSData+ImageContentType.h */ = {isa = PBXFileReference; fileEncoding = 4; lastKnownFileType = sourcecode.c.h; path = "NSData+ImageContentType.h"; sourceTree = "<group>"; };
		C2F8234C1B1F0CA10083CA50 /* NSData+ImageContentType.m */ = {isa = PBXFileReference; fileEncoding = 4; lastKnownFileType = sourcecode.c.objc; path = "NSData+ImageContentType.m"; sourceTree = "<group>"; };
		C2F8234D1B1F0CA10083CA50 /* SDImageCache.h */ = {isa = PBXFileReference; fileEncoding = 4; lastKnownFileType = sourcecode.c.h; path = SDImageCache.h; sourceTree = "<group>"; };
		C2F8234E1B1F0CA10083CA50 /* SDImageCache.m */ = {isa = PBXFileReference; fileEncoding = 4; lastKnownFileType = sourcecode.c.objc; path = SDImageCache.m; sourceTree = "<group>"; };
		C2F8234F1B1F0CA10083CA50 /* SDWebImageCompat.h */ = {isa = PBXFileReference; fileEncoding = 4; lastKnownFileType = sourcecode.c.h; path = SDWebImageCompat.h; sourceTree = "<group>"; };
		C2F823501B1F0CA10083CA50 /* SDWebImageCompat.m */ = {isa = PBXFileReference; fileEncoding = 4; lastKnownFileType = sourcecode.c.objc; path = SDWebImageCompat.m; sourceTree = "<group>"; };
		C2F823511B1F0CA10083CA50 /* SDWebImageDecoder.h */ = {isa = PBXFileReference; fileEncoding = 4; lastKnownFileType = sourcecode.c.h; path = SDWebImageDecoder.h; sourceTree = "<group>"; };
		C2F823521B1F0CA10083CA50 /* SDWebImageDecoder.m */ = {isa = PBXFileReference; fileEncoding = 4; lastKnownFileType = sourcecode.c.objc; path = SDWebImageDecoder.m; sourceTree = "<group>"; };
		C2F823531B1F0CA10083CA50 /* SDWebImageDownloader.h */ = {isa = PBXFileReference; fileEncoding = 4; lastKnownFileType = sourcecode.c.h; path = SDWebImageDownloader.h; sourceTree = "<group>"; };
		C2F823541B1F0CA10083CA50 /* SDWebImageDownloader.m */ = {isa = PBXFileReference; fileEncoding = 4; lastKnownFileType = sourcecode.c.objc; path = SDWebImageDownloader.m; sourceTree = "<group>"; };
		C2F823551B1F0CA10083CA50 /* SDWebImageDownloaderOperation.h */ = {isa = PBXFileReference; fileEncoding = 4; lastKnownFileType = sourcecode.c.h; path = SDWebImageDownloaderOperation.h; sourceTree = "<group>"; };
		C2F823561B1F0CA10083CA50 /* SDWebImageDownloaderOperation.m */ = {isa = PBXFileReference; fileEncoding = 4; lastKnownFileType = sourcecode.c.objc; path = SDWebImageDownloaderOperation.m; sourceTree = "<group>"; };
		C2F823571B1F0CA10083CA50 /* SDWebImageManager.h */ = {isa = PBXFileReference; fileEncoding = 4; lastKnownFileType = sourcecode.c.h; path = SDWebImageManager.h; sourceTree = "<group>"; };
		C2F823581B1F0CA10083CA50 /* SDWebImageManager.m */ = {isa = PBXFileReference; fileEncoding = 4; lastKnownFileType = sourcecode.c.objc; path = SDWebImageManager.m; sourceTree = "<group>"; };
		C2F823591B1F0CA10083CA50 /* SDWebImageOperation.h */ = {isa = PBXFileReference; fileEncoding = 4; lastKnownFileType = sourcecode.c.h; path = SDWebImageOperation.h; sourceTree = "<group>"; };
		C2F8235A1B1F0CA10083CA50 /* SDWebImagePrefetcher.h */ = {isa = PBXFileReference; fileEncoding = 4; lastKnownFileType = sourcecode.c.h; path = SDWebImagePrefetcher.h; sourceTree = "<group>"; };
		C2F8235B1B1F0CA10083CA50 /* SDWebImagePrefetcher.m */ = {isa = PBXFileReference; fileEncoding = 4; lastKnownFileType = sourcecode.c.objc; path = SDWebImagePrefetcher.m; sourceTree = "<group>"; };
		C2F8235C1B1F0CA10083CA50 /* UIButton+WebCache.h */ = {isa = PBXFileReference; fileEncoding = 4; lastKnownFileType = sourcecode.c.h; path = "UIButton+WebCache.h"; sourceTree = "<group>"; };
		C2F8235D1B1F0CA10083CA50 /* UIButton+WebCache.m */ = {isa = PBXFileReference; fileEncoding = 4; lastKnownFileType = sourcecode.c.objc; path = "UIButton+WebCache.m"; sourceTree = "<group>"; };
		C2F8235E1B1F0CA10083CA50 /* UIImage+GIF.h */ = {isa = PBXFileReference; fileEncoding = 4; lastKnownFileType = sourcecode.c.h; path = "UIImage+GIF.h"; sourceTree = "<group>"; };
		C2F8235F1B1F0CA10083CA50 /* UIImage+GIF.m */ = {isa = PBXFileReference; fileEncoding = 4; lastKnownFileType = sourcecode.c.objc; path = "UIImage+GIF.m"; sourceTree = "<group>"; };
		C2F823601B1F0CA10083CA50 /* UIImage+MultiFormat.h */ = {isa = PBXFileReference; fileEncoding = 4; lastKnownFileType = sourcecode.c.h; path = "UIImage+MultiFormat.h"; sourceTree = "<group>"; };
		C2F823611B1F0CA10083CA50 /* UIImage+MultiFormat.m */ = {isa = PBXFileReference; fileEncoding = 4; lastKnownFileType = sourcecode.c.objc; path = "UIImage+MultiFormat.m"; sourceTree = "<group>"; };
		C2F823621B1F0CA10083CA50 /* UIImage+WebP.h */ = {isa = PBXFileReference; fileEncoding = 4; lastKnownFileType = sourcecode.c.h; path = "UIImage+WebP.h"; sourceTree = "<group>"; };
		C2F823631B1F0CA10083CA50 /* UIImage+WebP.m */ = {isa = PBXFileReference; fileEncoding = 4; lastKnownFileType = sourcecode.c.objc; path = "UIImage+WebP.m"; sourceTree = "<group>"; };
		C2F823641B1F0CA10083CA50 /* UIImageView+HighlightedWebCache.h */ = {isa = PBXFileReference; fileEncoding = 4; lastKnownFileType = sourcecode.c.h; path = "UIImageView+HighlightedWebCache.h"; sourceTree = "<group>"; };
		C2F823651B1F0CA10083CA50 /* UIImageView+HighlightedWebCache.m */ = {isa = PBXFileReference; fileEncoding = 4; lastKnownFileType = sourcecode.c.objc; path = "UIImageView+HighlightedWebCache.m"; sourceTree = "<group>"; };
		C2F823661B1F0CA10083CA50 /* UIImageView+WebCache.h */ = {isa = PBXFileReference; fileEncoding = 4; lastKnownFileType = sourcecode.c.h; path = "UIImageView+WebCache.h"; sourceTree = "<group>"; };
		C2F823671B1F0CA10083CA50 /* UIImageView+WebCache.m */ = {isa = PBXFileReference; fileEncoding = 4; lastKnownFileType = sourcecode.c.objc; path = "UIImageView+WebCache.m"; sourceTree = "<group>"; };
		C2F823681B1F0CA10083CA50 /* UIView+WebCacheOperation.h */ = {isa = PBXFileReference; fileEncoding = 4; lastKnownFileType = sourcecode.c.h; path = "UIView+WebCacheOperation.h"; sourceTree = "<group>"; };
		C2F823691B1F0CA10083CA50 /* UIView+WebCacheOperation.m */ = {isa = PBXFileReference; fileEncoding = 4; lastKnownFileType = sourcecode.c.objc; path = "UIView+WebCacheOperation.m"; sourceTree = "<group>"; };
		C2F8237A1B1F39200083CA50 /* LyricsListTableViewController.h */ = {isa = PBXFileReference; fileEncoding = 4; lastKnownFileType = sourcecode.c.h; path = LyricsListTableViewController.h; sourceTree = "<group>"; };
		C2F8237B1B1F39200083CA50 /* LyricsListTableViewController.m */ = {isa = PBXFileReference; fileEncoding = 4; lastKnownFileType = sourcecode.c.objc; path = LyricsListTableViewController.m; sourceTree = "<group>"; };
		C2F8237D1B1F39840083CA50 /* LyricsListManger.h */ = {isa = PBXFileReference; fileEncoding = 4; lastKnownFileType = sourcecode.c.h; name = LyricsListManger.h; path = MusicPlayer/LyricsListManger.h; sourceTree = SOURCE_ROOT; };
		C2F8237E1B1F39840083CA50 /* LyricsListManger.m */ = {isa = PBXFileReference; fileEncoding = 4; lastKnownFileType = sourcecode.c.objc; name = LyricsListManger.m; path = MusicPlayer/LyricsListManger.m; sourceTree = SOURCE_ROOT; };
		C2F823801B1FEB350083CA50 /* LyricsItem.h */ = {isa = PBXFileReference; fileEncoding = 4; lastKnownFileType = sourcecode.c.h; path = LyricsItem.h; sourceTree = "<group>"; };
		C2F823811B1FEB360083CA50 /* LyricsItem.m */ = {isa = PBXFileReference; fileEncoding = 4; lastKnownFileType = sourcecode.c.objc; path = LyricsItem.m; sourceTree = "<group>"; };
/* End PBXFileReference section */

/* Begin PBXFrameworksBuildPhase section */
		AB39505A1B1BFFB700C8E70B /* Frameworks */ = {
			isa = PBXFrameworksBuildPhase;
			buildActionMask = 2147483647;
			files = (
			);
			runOnlyForDeploymentPostprocessing = 0;
		};
		AB39506D1B1BFFB800C8E70B /* Frameworks */ = {
			isa = PBXFrameworksBuildPhase;
			buildActionMask = 2147483647;
			files = (
			);
			runOnlyForDeploymentPostprocessing = 0;
		};
/* End PBXFrameworksBuildPhase section */

/* Begin PBXGroup section */
		AB3950541B1BFFB700C8E70B = {
			isa = PBXGroup;
			children = (
				C2F823481B1F0CA10083CA50 /* SDWebImage */,
				AB39505F1B1BFFB700C8E70B /* MusicPlayer */,
				AB3950731B1BFFB800C8E70B /* MusicPlayerTests */,
				AB39505E1B1BFFB700C8E70B /* Products */,
			);
			sourceTree = "<group>";
		};
		AB39505E1B1BFFB700C8E70B /* Products */ = {
			isa = PBXGroup;
			children = (
				AB39505D1B1BFFB700C8E70B /* MusicPlayer.app */,
				AB3950701B1BFFB800C8E70B /* MusicPlayerTests.xctest */,
			);
			name = Products;
			sourceTree = "<group>";
		};
		AB39505F1B1BFFB700C8E70B /* MusicPlayer */ = {
			isa = PBXGroup;
			children = (
				AB3950801B1C031800C8E70B /* Controllers */,
				AB3950811B1C031800C8E70B /* Models */,
				AB3950821B1C031800C8E70B /* Resources */,
				AB3950831B1C031800C8E70B /* Utils */,
				AB3950841B1C031800C8E70B /* Views */,
				AB3950641B1BFFB700C8E70B /* AppDelegate.h */,
				AB3950651B1BFFB700C8E70B /* AppDelegate.m */,
				AB3950671B1BFFB700C8E70B /* Images.xcassets */,
				AB3950691B1BFFB700C8E70B /* LaunchScreen.xib */,
				AB3950601B1BFFB700C8E70B /* Supporting Files */,
			);
			path = MusicPlayer;
			sourceTree = "<group>";
		};
		AB3950601B1BFFB700C8E70B /* Supporting Files */ = {
			isa = PBXGroup;
			children = (
				AB3950611B1BFFB700C8E70B /* Info.plist */,
				AB3950621B1BFFB700C8E70B /* main.m */,
			);
			name = "Supporting Files";
			sourceTree = "<group>";
		};
		AB3950731B1BFFB800C8E70B /* MusicPlayerTests */ = {
			isa = PBXGroup;
			children = (
				AB3950761B1BFFB800C8E70B /* MusicPlayerTests.m */,
				AB3950741B1BFFB800C8E70B /* Supporting Files */,
			);
			path = MusicPlayerTests;
			sourceTree = "<group>";
		};
		AB3950741B1BFFB800C8E70B /* Supporting Files */ = {
			isa = PBXGroup;
			children = (
				AB3950751B1BFFB800C8E70B /* Info.plist */,
			);
			name = "Supporting Files";
			sourceTree = "<group>";
		};
		AB3950801B1C031800C8E70B /* Controllers */ = {
			isa = PBXGroup;
			children = (
				AB3950851B1C03A200C8E70B /* MusicListViewController.h */,
				AB3950861B1C03A200C8E70B /* MusicListViewController.m */,
				AB39508E1B1C360B00C8E70B /* MusicPlayViewController.h */,
				AB39508F1B1C360B00C8E70B /* MusicPlayViewController.m */,
				C2F8237A1B1F39200083CA50 /* LyricsListTableViewController.h */,
				C2F8237B1B1F39200083CA50 /* LyricsListTableViewController.m */,
			);
			path = Controllers;
			sourceTree = "<group>";
		};
		AB3950811B1C031800C8E70B /* Models */ = {
			isa = PBXGroup;
			children = (
				AB3950881B1C079D00C8E70B /* MusicInfo.h */,
				AB3950891B1C079D00C8E70B /* MusicInfo.m */,
				C2F823801B1FEB350083CA50 /* LyricsItem.h */,
				C2F823811B1FEB360083CA50 /* LyricsItem.m */,
			);
			path = Models;
			sourceTree = "<group>";
		};
		AB3950821B1C031800C8E70B /* Resources */ = {
			isa = PBXGroup;
			children = (
				761647CF1B1F02F000FD096B /* iconfont-volumemin.png */,
				761647D01B1F02F000FD096B /* iconfont-ios7volumehigh.png */,
				761647CD1B1EFF3900FD096B /* volumn_slider_thumb@2x.png */,
				761647C81B1EE32900FD096B /* thumb@2x.png */,
				761647C91B1EE32900FD096B /* thumb@3x.png */,
				761647C01B1EE00A00FD096B /* iconfont-player-next.png */,
				761647C11B1EE00A00FD096B /* iconfont-player-prev.png */,
				761647C21B1EE00A00FD096B /* iconfont-zanting.png */,
				761647C31B1EE00A00FD096B /* iconfont-player-play.png */,
			);
			path = Resources;
			sourceTree = "<group>";
		};
		AB3950831B1C031800C8E70B /* Utils */ = {
			isa = PBXGroup;
			children = (
				7616477F1B1ED39A00FD096B /* LOAudioStreamer.h */,
				761647801B1ED39A00FD096B /* LOAudioStreamer.m */,
				C2F8237D1B1F39840083CA50 /* LyricsListManger.h */,
				C2F8237E1B1F39840083CA50 /* LyricsListManger.m */,
				AB39508B1B1C0B3300C8E70B /* ModelManager.h */,
				AB39508C1B1C0B3300C8E70B /* ModelManager.m */,
			);
			path = Utils;
			sourceTree = "<group>";
		};
		AB3950841B1C031800C8E70B /* Views */ = {
			isa = PBXGroup;
			children = (
			);
			path = Views;
			sourceTree = "<group>";
		};
		C2F823481B1F0CA10083CA50 /* SDWebImage */ = {
			isa = PBXGroup;
			children = (
				C2F823491B1F0CA10083CA50 /* MKAnnotationView+WebCache.h */,
				C2F8234A1B1F0CA10083CA50 /* MKAnnotationView+WebCache.m */,
				C2F8234B1B1F0CA10083CA50 /* NSData+ImageContentType.h */,
				C2F8234C1B1F0CA10083CA50 /* NSData+ImageContentType.m */,
				C2F8234D1B1F0CA10083CA50 /* SDImageCache.h */,
				C2F8234E1B1F0CA10083CA50 /* SDImageCache.m */,
				C2F8234F1B1F0CA10083CA50 /* SDWebImageCompat.h */,
				C2F823501B1F0CA10083CA50 /* SDWebImageCompat.m */,
				C2F823511B1F0CA10083CA50 /* SDWebImageDecoder.h */,
				C2F823521B1F0CA10083CA50 /* SDWebImageDecoder.m */,
				C2F823531B1F0CA10083CA50 /* SDWebImageDownloader.h */,
				C2F823541B1F0CA10083CA50 /* SDWebImageDownloader.m */,
				C2F823551B1F0CA10083CA50 /* SDWebImageDownloaderOperation.h */,
				C2F823561B1F0CA10083CA50 /* SDWebImageDownloaderOperation.m */,
				C2F823571B1F0CA10083CA50 /* SDWebImageManager.h */,
				C2F823581B1F0CA10083CA50 /* SDWebImageManager.m */,
				C2F823591B1F0CA10083CA50 /* SDWebImageOperation.h */,
				C2F8235A1B1F0CA10083CA50 /* SDWebImagePrefetcher.h */,
				C2F8235B1B1F0CA10083CA50 /* SDWebImagePrefetcher.m */,
				C2F8235C1B1F0CA10083CA50 /* UIButton+WebCache.h */,
				C2F8235D1B1F0CA10083CA50 /* UIButton+WebCache.m */,
				C2F8235E1B1F0CA10083CA50 /* UIImage+GIF.h */,
				C2F8235F1B1F0CA10083CA50 /* UIImage+GIF.m */,
				C2F823601B1F0CA10083CA50 /* UIImage+MultiFormat.h */,
				C2F823611B1F0CA10083CA50 /* UIImage+MultiFormat.m */,
				C2F823621B1F0CA10083CA50 /* UIImage+WebP.h */,
				C2F823631B1F0CA10083CA50 /* UIImage+WebP.m */,
				C2F823641B1F0CA10083CA50 /* UIImageView+HighlightedWebCache.h */,
				C2F823651B1F0CA10083CA50 /* UIImageView+HighlightedWebCache.m */,
				C2F823661B1F0CA10083CA50 /* UIImageView+WebCache.h */,
				C2F823671B1F0CA10083CA50 /* UIImageView+WebCache.m */,
				C2F823681B1F0CA10083CA50 /* UIView+WebCacheOperation.h */,
				C2F823691B1F0CA10083CA50 /* UIView+WebCacheOperation.m */,
			);
			path = SDWebImage;
			sourceTree = "<group>";
		};
/* End PBXGroup section */

/* Begin PBXNativeTarget section */
		AB39505C1B1BFFB700C8E70B /* MusicPlayer */ = {
			isa = PBXNativeTarget;
			buildConfigurationList = AB39507A1B1BFFB800C8E70B /* Build configuration list for PBXNativeTarget "MusicPlayer" */;
			buildPhases = (
				AB3950591B1BFFB700C8E70B /* Sources */,
				AB39505A1B1BFFB700C8E70B /* Frameworks */,
				AB39505B1B1BFFB700C8E70B /* Resources */,
			);
			buildRules = (
			);
			dependencies = (
			);
			name = MusicPlayer;
			productName = MusicPlayer;
			productReference = AB39505D1B1BFFB700C8E70B /* MusicPlayer.app */;
			productType = "com.apple.product-type.application";
		};
		AB39506F1B1BFFB800C8E70B /* MusicPlayerTests */ = {
			isa = PBXNativeTarget;
			buildConfigurationList = AB39507D1B1BFFB800C8E70B /* Build configuration list for PBXNativeTarget "MusicPlayerTests" */;
			buildPhases = (
				AB39506C1B1BFFB800C8E70B /* Sources */,
				AB39506D1B1BFFB800C8E70B /* Frameworks */,
				AB39506E1B1BFFB800C8E70B /* Resources */,
			);
			buildRules = (
			);
			dependencies = (
				AB3950721B1BFFB800C8E70B /* PBXTargetDependency */,
			);
			name = MusicPlayerTests;
			productName = MusicPlayerTests;
			productReference = AB3950701B1BFFB800C8E70B /* MusicPlayerTests.xctest */;
			productType = "com.apple.product-type.bundle.unit-test";
		};
/* End PBXNativeTarget section */

/* Begin PBXProject section */
		AB3950551B1BFFB700C8E70B /* Project object */ = {
			isa = PBXProject;
			attributes = {
				LastUpgradeCheck = 0630;
				ORGANIZATIONNAME = "蓝鸥科技有限公司";
				TargetAttributes = {
					AB39505C1B1BFFB700C8E70B = {
						CreatedOnToolsVersion = 6.3.2;
					};
					AB39506F1B1BFFB800C8E70B = {
						CreatedOnToolsVersion = 6.3.2;
						TestTargetID = AB39505C1B1BFFB700C8E70B;
					};
				};
			};
			buildConfigurationList = AB3950581B1BFFB700C8E70B /* Build configuration list for PBXProject "MusicPlayer" */;
			compatibilityVersion = "Xcode 3.2";
			developmentRegion = English;
			hasScannedForEncodings = 0;
			knownRegions = (
				en,
				Base,
			);
			mainGroup = AB3950541B1BFFB700C8E70B;
			productRefGroup = AB39505E1B1BFFB700C8E70B /* Products */;
			projectDirPath = "";
			projectRoot = "";
			targets = (
				AB39505C1B1BFFB700C8E70B /* MusicPlayer */,
				AB39506F1B1BFFB800C8E70B /* MusicPlayerTests */,
			);
		};
/* End PBXProject section */

/* Begin PBXResourcesBuildPhase section */
		AB39505B1B1BFFB700C8E70B /* Resources */ = {
			isa = PBXResourcesBuildPhase;
			buildActionMask = 2147483647;
			files = (
				761647D11B1F02F000FD096B /* iconfont-volumemin.png in Resources */,
				761647CE1B1EFF3900FD096B /* volumn_slider_thumb@2x.png in Resources */,
				761647CA1B1EE32900FD096B /* thumb@2x.png in Resources */,
				761647C41B1EE00A00FD096B /* iconfont-player-next.png in Resources */,
				761647D21B1F02F000FD096B /* iconfont-ios7volumehigh.png in Resources */,
				761647C51B1EE00A00FD096B /* iconfont-player-prev.png in Resources */,
				761647CB1B1EE32900FD096B /* thumb@3x.png in Resources */,
				761647C71B1EE00A00FD096B /* iconfont-player-play.png in Resources */,
				AB39506B1B1BFFB700C8E70B /* LaunchScreen.xib in Resources */,
				AB3950681B1BFFB700C8E70B /* Images.xcassets in Resources */,
				761647C61B1EE00A00FD096B /* iconfont-zanting.png in Resources */,
			);
			runOnlyForDeploymentPostprocessing = 0;
		};
		AB39506E1B1BFFB800C8E70B /* Resources */ = {
			isa = PBXResourcesBuildPhase;
			buildActionMask = 2147483647;
			files = (
			);
			runOnlyForDeploymentPostprocessing = 0;
		};
/* End PBXResourcesBuildPhase section */

/* Begin PBXSourcesBuildPhase section */
		AB3950591B1BFFB700C8E70B /* Sources */ = {
			isa = PBXSourcesBuildPhase;
			buildActionMask = 2147483647;
			files = (
				C2F823781B1F0CA10083CA50 /* UIImageView+WebCache.m in Sources */,
				C2F823741B1F0CA10083CA50 /* UIImage+GIF.m in Sources */,
				C2F8236D1B1F0CA10083CA50 /* SDWebImageCompat.m in Sources */,
				C2F823731B1F0CA10083CA50 /* UIButton+WebCache.m in Sources */,
				C2F823751B1F0CA10083CA50 /* UIImage+MultiFormat.m in Sources */,
				C2F823721B1F0CA10083CA50 /* SDWebImagePrefetcher.m in Sources */,
				AB3950901B1C360B00C8E70B /* MusicPlayViewController.m in Sources */,
				C2F823791B1F0CA10083CA50 /* UIView+WebCacheOperation.m in Sources */,
				C2F8236A1B1F0CA10083CA50 /* MKAnnotationView+WebCache.m in Sources */,
				C2F823761B1F0CA10083CA50 /* UIImage+WebP.m in Sources */,
				AB3950661B1BFFB700C8E70B /* AppDelegate.m in Sources */,
				C2F823701B1F0CA10083CA50 /* SDWebImageDownloaderOperation.m in Sources */,
				C2F8236E1B1F0CA10083CA50 /* SDWebImageDecoder.m in Sources */,
				761647811B1ED39A00FD096B /* LOAudioStreamer.m in Sources */,
				C2F823821B1FEB360083CA50 /* LyricsItem.m in Sources */,
				C2F823771B1F0CA10083CA50 /* UIImageView+HighlightedWebCache.m in Sources */,
				C2F8236B1B1F0CA10083CA50 /* NSData+ImageContentType.m in Sources */,
				C2F8236F1B1F0CA10083CA50 /* SDWebImageDownloader.m in Sources */,
				AB3950631B1BFFB700C8E70B /* main.m in Sources */,
				AB3950871B1C03A200C8E70B /* MusicListViewController.m in Sources */,
				C2F8237C1B1F39200083CA50 /* LyricsListTableViewController.m in Sources */,
				AB39508D1B1C0B3300C8E70B /* ModelManager.m in Sources */,
				C2F823711B1F0CA10083CA50 /* SDWebImageManager.m in Sources */,
				AB39508A1B1C079D00C8E70B /* MusicInfo.m in Sources */,
				C2F8237F1B1F39840083CA50 /* LyricsListManger.m in Sources */,
				C2F8236C1B1F0CA10083CA50 /* SDImageCache.m in Sources */,
			);
			runOnlyForDeploymentPostprocessing = 0;
		};
		AB39506C1B1BFFB800C8E70B /* Sources */ = {
			isa = PBXSourcesBuildPhase;
			buildActionMask = 2147483647;
			files = (
				AB3950771B1BFFB800C8E70B /* MusicPlayerTests.m in Sources */,
			);
			runOnlyForDeploymentPostprocessing = 0;
		};
/* End PBXSourcesBuildPhase section */

/* Begin PBXTargetDependency section */
		AB3950721B1BFFB800C8E70B /* PBXTargetDependency */ = {
			isa = PBXTargetDependency;
			target = AB39505C1B1BFFB700C8E70B /* MusicPlayer */;
			targetProxy = AB3950711B1BFFB800C8E70B /* PBXContainerItemProxy */;
		};
/* End PBXTargetDependency section */

/* Begin PBXVariantGroup section */
		AB3950691B1BFFB700C8E70B /* LaunchScreen.xib */ = {
			isa = PBXVariantGroup;
			children = (
				AB39506A1B1BFFB700C8E70B /* Base */,
			);
			name = LaunchScreen.xib;
			sourceTree = "<group>";
		};
/* End PBXVariantGroup section */

/* Begin XCBuildConfiguration section */
		AB3950781B1BFFB800C8E70B /* Debug */ = {
			isa = XCBuildConfiguration;
			buildSettings = {
				ALWAYS_SEARCH_USER_PATHS = NO;
				CLANG_CXX_LANGUAGE_STANDARD = "gnu++0x";
				CLANG_CXX_LIBRARY = "libc++";
				CLANG_ENABLE_MODULES = YES;
				CLANG_ENABLE_OBJC_ARC = YES;
				CLANG_WARN_BOOL_CONVERSION = YES;
				CLANG_WARN_CONSTANT_CONVERSION = YES;
				CLANG_WARN_DIRECT_OBJC_ISA_USAGE = YES_ERROR;
				CLANG_WARN_EMPTY_BODY = YES;
				CLANG_WARN_ENUM_CONVERSION = YES;
				CLANG_WARN_INT_CONVERSION = YES;
				CLANG_WARN_OBJC_ROOT_CLASS = YES_ERROR;
				CLANG_WARN_UNREACHABLE_CODE = YES;
				CLANG_WARN__DUPLICATE_METHOD_MATCH = YES;
				"CODE_SIGN_IDENTITY[sdk=iphoneos*]" = "iPhone Developer";
				COPY_PHASE_STRIP = NO;
				DEBUG_INFORMATION_FORMAT = "dwarf-with-dsym";
				ENABLE_STRICT_OBJC_MSGSEND = YES;
				GCC_C_LANGUAGE_STANDARD = gnu99;
				GCC_DYNAMIC_NO_PIC = NO;
				GCC_NO_COMMON_BLOCKS = YES;
				GCC_OPTIMIZATION_LEVEL = 0;
				GCC_PREPROCESSOR_DEFINITIONS = (
					"DEBUG=1",
					"$(inherited)",
				);
				GCC_SYMBOLS_PRIVATE_EXTERN = NO;
				GCC_WARN_64_TO_32_BIT_CONVERSION = YES;
				GCC_WARN_ABOUT_RETURN_TYPE = YES_ERROR;
				GCC_WARN_UNDECLARED_SELECTOR = YES;
				GCC_WARN_UNINITIALIZED_AUTOS = YES_AGGRESSIVE;
				GCC_WARN_UNUSED_FUNCTION = YES;
				GCC_WARN_UNUSED_VARIABLE = YES;
				IPHONEOS_DEPLOYMENT_TARGET = 8.0;
				MTL_ENABLE_DEBUG_INFO = YES;
				ONLY_ACTIVE_ARCH = YES;
				SDKROOT = iphoneos;
			};
			name = Debug;
		};
		AB3950791B1BFFB800C8E70B /* Release */ = {
			isa = XCBuildConfiguration;
			buildSettings = {
				ALWAYS_SEARCH_USER_PATHS = NO;
				CLANG_CXX_LANGUAGE_STANDARD = "gnu++0x";
				CLANG_CXX_LIBRARY = "libc++";
				CLANG_ENABLE_MODULES = YES;
				CLANG_ENABLE_OBJC_ARC = YES;
				CLANG_WARN_BOOL_CONVERSION = YES;
				CLANG_WARN_CONSTANT_CONVERSION = YES;
				CLANG_WARN_DIRECT_OBJC_ISA_USAGE = YES_ERROR;
				CLANG_WARN_EMPTY_BODY = YES;
				CLANG_WARN_ENUM_CONVERSION = YES;
				CLANG_WARN_INT_CONVERSION = YES;
				CLANG_WARN_OBJC_ROOT_CLASS = YES_ERROR;
				CLANG_WARN_UNREACHABLE_CODE = YES;
				CLANG_WARN__DUPLICATE_METHOD_MATCH = YES;
				"CODE_SIGN_IDENTITY[sdk=iphoneos*]" = "iPhone Developer";
				COPY_PHASE_STRIP = NO;
				DEBUG_INFORMATION_FORMAT = "dwarf-with-dsym";
				ENABLE_NS_ASSERTIONS = NO;
				ENABLE_STRICT_OBJC_MSGSEND = YES;
				GCC_C_LANGUAGE_STANDARD = gnu99;
				GCC_NO_COMMON_BLOCKS = YES;
				GCC_WARN_64_TO_32_BIT_CONVERSION = YES;
				GCC_WARN_ABOUT_RETURN_TYPE = YES_ERROR;
				GCC_WARN_UNDECLARED_SELECTOR = YES;
				GCC_WARN_UNINITIALIZED_AUTOS = YES_AGGRESSIVE;
				GCC_WARN_UNUSED_FUNCTION = YES;
				GCC_WARN_UNUSED_VARIABLE = YES;
				IPHONEOS_DEPLOYMENT_TARGET = 8.0;
				MTL_ENABLE_DEBUG_INFO = NO;
				SDKROOT = iphoneos;
				VALIDATE_PRODUCT = YES;
			};
			name = Release;
		};
		AB39507B1B1BFFB800C8E70B /* Debug */ = {
			isa = XCBuildConfiguration;
			buildSettings = {
				ASSETCATALOG_COMPILER_APPICON_NAME = AppIcon;
				CLANG_ENABLE_OBJC_ARC = NO;
				INFOPLIST_FILE = MusicPlayer/Info.plist;
				LD_RUNPATH_SEARCH_PATHS = "$(inherited) @executable_path/Frameworks";
				PRODUCT_NAME = "$(TARGET_NAME)";
			};
			name = Debug;
		};
		AB39507C1B1BFFB800C8E70B /* Release */ = {
			isa = XCBuildConfiguration;
			buildSettings = {
				ASSETCATALOG_COMPILER_APPICON_NAME = AppIcon;
				CLANG_ENABLE_OBJC_ARC = NO;
				INFOPLIST_FILE = MusicPlayer/Info.plist;
				LD_RUNPATH_SEARCH_PATHS = "$(inherited) @executable_path/Frameworks";
				PRODUCT_NAME = "$(TARGET_NAME)";
			};
			name = Release;
		};
		AB39507E1B1BFFB800C8E70B /* Debug */ = {
			isa = XCBuildConfiguration;
			buildSettings = {
				BUNDLE_LOADER = "$(TEST_HOST)";
				FRAMEWORK_SEARCH_PATHS = (
					"$(SDKROOT)/Developer/Library/Frameworks",
					"$(inherited)",
				);
				GCC_PREPROCESSOR_DEFINITIONS = (
					"DEBUG=1",
					"$(inherited)",
				);
				INFOPLIST_FILE = MusicPlayerTests/Info.plist;
				LD_RUNPATH_SEARCH_PATHS = "$(inherited) @executable_path/Frameworks @loader_path/Frameworks";
				PRODUCT_NAME = "$(TARGET_NAME)";
				TEST_HOST = "$(BUILT_PRODUCTS_DIR)/MusicPlayer.app/MusicPlayer";
			};
			name = Debug;
		};
		AB39507F1B1BFFB800C8E70B /* Release */ = {
			isa = XCBuildConfiguration;
			buildSettings = {
				BUNDLE_LOADER = "$(TEST_HOST)";
				FRAMEWORK_SEARCH_PATHS = (
					"$(SDKROOT)/Developer/Library/Frameworks",
					"$(inherited)",
				);
				INFOPLIST_FILE = MusicPlayerTests/Info.plist;
				LD_RUNPATH_SEARCH_PATHS = "$(inherited) @executable_path/Frameworks @loader_path/Frameworks";
				PRODUCT_NAME = "$(TARGET_NAME)";
				TEST_HOST = "$(BUILT_PRODUCTS_DIR)/MusicPlayer.app/MusicPlayer";
			};
			name = Release;
		};
/* End XCBuildConfiguration section */

/* Begin XCConfigurationList section */
		AB3950581B1BFFB700C8E70B /* Build configuration list for PBXProject "MusicPlayer" */ = {
			isa = XCConfigurationList;
			buildConfigurations = (
				AB3950781B1BFFB800C8E70B /* Debug */,
				AB3950791B1BFFB800C8E70B /* Release */,
			);
			defaultConfigurationIsVisible = 0;
			defaultConfigurationName = Release;
		};
		AB39507A1B1BFFB800C8E70B /* Build configuration list for PBXNativeTarget "MusicPlayer" */ = {
			isa = XCConfigurationList;
			buildConfigurations = (
				AB39507B1B1BFFB800C8E70B /* Debug */,
				AB39507C1B1BFFB800C8E70B /* Release */,
			);
			defaultConfigurationIsVisible = 0;
			defaultConfigurationName = Release;
		};
		AB39507D1B1BFFB800C8E70B /* Build configuration list for PBXNativeTarget "MusicPlayerTests" */ = {
			isa = XCConfigurationList;
			buildConfigurations = (
				AB39507E1B1BFFB800C8E70B /* Debug */,
				AB39507F1B1BFFB800C8E70B /* Release */,
			);
			defaultConfigurationIsVisible = 0;
			defaultConfigurationName = Release;
		};
/* End XCConfigurationList section */
	};
	rootObject = AB3950551B1BFFB700C8E70B /* Project object */;
}
